
Microsoft Visual Studio Solution File, Format Version 12.00
# Visual Studio Version 17
VisualStudioVersion = 17.11.35327.3
MinimumVisualStudioVersion = 10.0.40219.1
Project("{FAE04EC0-301F-11D3-BF4B-00C04F79EFBC}") = "SibersProjectWeb", "SibersProjectWeb\SibersProjectWeb.csproj", "{833930CD-A806-4A99-BD44-036CC1C19C0C}"
EndProject
Project("{FAE04EC0-301F-11D3-BF4B-00C04F79EFBC}") = "SibersProjectDataAccess", "SibersProjectDataAccess\SibersProjectDataAccess.csproj", "{310759D8-B642-48D1-BFCA-7D5BFF7DDC8F}"
EndProject
Project("{FAE04EC0-301F-11D3-BF4B-00C04F79EFBC}") = "SibersProjectBusiness", "SibersProjectBusiness\SibersProjectBusiness.csproj", "{B661C87E-A2BF-4E49-ACBB-F47BE90CC9C7}"
EndProject
Global
	GlobalSection(SolutionConfigurationPlatforms) = preSolution
		Debug|Any CPU = Debug|Any CPU
		Release|Any CPU = Release|Any CPU
	EndGlobalSection
	GlobalSection(ProjectConfigurationPlatforms) = postSolution
		{833930CD-A806-4A99-BD44-036CC1C19C0C}.Debug|Any CPU.ActiveCfg = Debug|Any CPU
		{833930CD-A806-4A99-BD44-036CC1C19C0C}.Debug|Any CPU.Build.0 = Debug|Any CPU
		{833930CD-A806-4A99-BD44-036CC1C19C0C}.Release|Any CPU.ActiveCfg = Release|Any CPU
		{833930CD-A806-4A99-BD44-036CC1C19C0C}.Release|Any CPU.Build.0 = Release|Any CPU
		{310759D8-B642-48D1-BFCA-7D5BFF7DDC8F}.Debug|Any CPU.ActiveCfg = Debug|Any CPU
		{310759D8-B642-48D1-BFCA-7D5BFF7DDC8F}.Debug|Any CPU.Build.0 = Debug|Any CPU
		{310759D8-B642-48D1-BFCA-7D5BFF7DDC8F}.Release|Any CPU.ActiveCfg = Release|Any CPU
		{310759D8-B642-48D1-BFCA-7D5BFF7DDC8F}.Release|Any CPU.Build.0 = Release|Any CPU
		{B661C87E-A2BF-4E49-ACBB-F47BE90CC9C7}.Debug|Any CPU.ActiveCfg = Debug|Any CPU
		{B661C87E-A2BF-4E49-ACBB-F47BE90CC9C7}.Debug|Any CPU.Build.0 = Debug|Any CPU
		{B661C87E-A2BF-4E49-ACBB-F47BE90CC9C7}.Release|Any CPU.ActiveCfg = Release|Any CPU
		{B661C87E-A2BF-4E49-ACBB-F47BE90CC9C7}.Release|Any CPU.Build.0 = Release|Any CPU
	EndGlobalSection
	GlobalSection(SolutionProperties) = preSolution
		HideSolutionNode = FALSE
	EndGlobalSection
	GlobalSection(ExtensibilityGlobals) = postSolution
		SolutionGuid = {C74B20D7-ABC6-4DC7-8E06-6BD536718871}
	EndGlobalSection
EndGlobal
